
Microsoft Visual Studio Solution File, Format Version 12.00
# Visual Studio Version 16
VisualStudioVersion = 16.0.31105.61
MinimumVisualStudioVersion = 10.0.40219.1
Project("{FAE04EC0-301F-11D3-BF4B-00C04F79EFBC}") = "CovidTrackerTests", "CovidTrackerTests\CovidTrackerTests.csproj", "{9542FBA5-077E-4727-8953-B68CB97EE0F2}"
EndProject
Global
	GlobalSection(SolutionConfigurationPlatforms) = preSolution
		Debug|Any CPU = Debug|Any CPU
		Release|Any CPU = Release|Any CPU
	EndGlobalSection
	GlobalSection(ProjectConfigurationPlatforms) = postSolution
		{9542FBA5-077E-4727-8953-B68CB97EE0F2}.Debug|Any CPU.ActiveCfg = Debug|Any CPU
		{9542FBA5-077E-4727-8953-B68CB97EE0F2}.Debug|Any CPU.Build.0 = Debug|Any CPU
		{9542FBA5-077E-4727-8953-B68CB97EE0F2}.Release|Any CPU.ActiveCfg = Release|Any CPU
		{9542FBA5-077E-4727-8953-B68CB97EE0F2}.Release|Any CPU.Build.0 = Release|Any CPU
	EndGlobalSection
	GlobalSection(SolutionProperties) = preSolution
		HideSolutionNode = FALSE
	EndGlobalSection
	GlobalSection(ExtensibilityGlobals) = postSolution
		SolutionGuid = {5D257A26-5871-468A-BF41-F631F382DF77}
	EndGlobalSection
EndGlobal
